
Microsoft Visual Studio Solution File, Format Version 12.00
# Visual Studio Version 16
VisualStudioVersion = 16.0.31911.196
MinimumVisualStudioVersion = 10.0.40219.1
Project("{FAE04EC0-301F-11D3-BF4B-00C04F79EFBC}") = "Freya Chat 1", "Freya Chat 1\Freya Chat 1.csproj", "{04E9C1B5-09F3-4099-BFD2-1D150C57C479}"
EndProject
Global
	GlobalSection(SolutionConfigurationPlatforms) = preSolution
		Debug|Any CPU = Debug|Any CPU
		Release|Any CPU = Release|Any CPU
	EndGlobalSection
	GlobalSection(ProjectConfigurationPlatforms) = postSolution
		{04E9C1B5-09F3-4099-BFD2-1D150C57C479}.Debug|Any CPU.ActiveCfg = Debug|Any CPU
		{04E9C1B5-09F3-4099-BFD2-1D150C57C479}.Debug|Any CPU.Build.0 = Debug|Any CPU
		{04E9C1B5-09F3-4099-BFD2-1D150C57C479}.Release|Any CPU.ActiveCfg = Release|Any CPU
		{04E9C1B5-09F3-4099-BFD2-1D150C57C479}.Release|Any CPU.Build.0 = Release|Any CPU
	EndGlobalSection
	GlobalSection(SolutionProperties) = preSolution
		HideSolutionNode = FALSE
	EndGlobalSection
	GlobalSection(ExtensibilityGlobals) = postSolution
		SolutionGuid = {E1C445B6-F6CA-43F7-A2C8-D677A9F4F3BF}
	EndGlobalSection
EndGlobal
